
Microsoft Visual Studio Solution File, Format Version 12.00
Project("{FAE04EC0-301F-11D3-BF4B-00C04F79EFBC}") = "Cats", "Cats\Cats.csproj", "{CDD53D87-E568-4ABD-BA4C-9A47A445148F}"
EndProject
Project("{2150E333-8FDC-42A3-9474-1A3956D46DE8}") = "SolutionItems", "SolutionItems", "{594D783F-B879-4A83-962B-4D7817CAAC99}"
	ProjectSection(SolutionItems) = preProject
		.gitignore = .gitignore
		README.md = README.md
	EndProjectSection
EndProject
Global
	GlobalSection(SolutionConfigurationPlatforms) = preSolution
		Debug|Any CPU = Debug|Any CPU
		Release|Any CPU = Release|Any CPU
	EndGlobalSection
	GlobalSection(ProjectConfigurationPlatforms) = postSolution
		{CDD53D87-E568-4ABD-BA4C-9A47A445148F}.Debug|Any CPU.ActiveCfg = Debug|Any CPU
		{CDD53D87-E568-4ABD-BA4C-9A47A445148F}.Debug|Any CPU.Build.0 = Debug|Any CPU
		{CDD53D87-E568-4ABD-BA4C-9A47A445148F}.Release|Any CPU.ActiveCfg = Release|Any CPU
		{CDD53D87-E568-4ABD-BA4C-9A47A445148F}.Release|Any CPU.Build.0 = Release|Any CPU
	EndGlobalSection
EndGlobal
